
Microsoft Visual Studio Solution File, Format Version 12.00
# Visual Studio 15
VisualStudioVersion = 15.0.28307.168
MinimumVisualStudioVersion = 10.0.40219.1
Project("{FAE04EC0-301F-11D3-BF4B-00C04F79EFBC}") = "Hello", "Hello\Hello.csproj", "{499F566A-8221-436E-A5A5-04DD1AFA9596}"
EndProject
Global
	GlobalSection(SolutionConfigurationPlatforms) = preSolution
		Debug|Any CPU = Debug|Any CPU
		Release|Any CPU = Release|Any CPU
	EndGlobalSection
	GlobalSection(ProjectConfigurationPlatforms) = postSolution
		{499F566A-8221-436E-A5A5-04DD1AFA9596}.Debug|Any CPU.ActiveCfg = Debug|Any CPU
		{499F566A-8221-436E-A5A5-04DD1AFA9596}.Debug|Any CPU.Build.0 = Debug|Any CPU
		{499F566A-8221-436E-A5A5-04DD1AFA9596}.Release|Any CPU.ActiveCfg = Release|Any CPU
		{499F566A-8221-436E-A5A5-04DD1AFA9596}.Release|Any CPU.Build.0 = Release|Any CPU
	EndGlobalSection
	GlobalSection(SolutionProperties) = preSolution
		HideSolutionNode = FALSE
	EndGlobalSection
	GlobalSection(ExtensibilityGlobals) = postSolution
		SolutionGuid = {57A703A8-7533-4B19-B5C0-A0BA78B9AE85}
	EndGlobalSection
EndGlobal
